
Microsoft Visual Studio Solution File, Format Version 12.00
# Visual Studio Version 17
VisualStudioVersion = 17.10.35027.167
MinimumVisualStudioVersion = 10.0.40219.1
Project("{9A19103F-16F7-4668-BE54-9A1E7A4F7556}") = "authentication-api", "authentication-api.csproj", "{DF9B115E-C267-470E-A345-D74AE0B4ED5C}"
EndProject
Global
	GlobalSection(SolutionConfigurationPlatforms) = preSolution
		Debug|Any CPU = Debug|Any CPU
		Release|Any CPU = Release|Any CPU
	EndGlobalSection
	GlobalSection(ProjectConfigurationPlatforms) = postSolution
		{DF9B115E-C267-470E-A345-D74AE0B4ED5C}.Debug|Any CPU.ActiveCfg = Debug|Any CPU
		{DF9B115E-C267-470E-A345-D74AE0B4ED5C}.Debug|Any CPU.Build.0 = Debug|Any CPU
		{DF9B115E-C267-470E-A345-D74AE0B4ED5C}.Release|Any CPU.ActiveCfg = Release|Any CPU
		{DF9B115E-C267-470E-A345-D74AE0B4ED5C}.Release|Any CPU.Build.0 = Release|Any CPU
	EndGlobalSection
	GlobalSection(SolutionProperties) = preSolution
		HideSolutionNode = FALSE
	EndGlobalSection
	GlobalSection(ExtensibilityGlobals) = postSolution
		SolutionGuid = {612A0B91-A46D-40C4-97DC-47D6748C69F2}
	EndGlobalSection
EndGlobal
